{
  "name": "dep-blame-monorepo",
  "lockfileVersion": 3,
  "requires": true,
  "packages": {
    "": {
      "name": "dep-blame-monorepo",
      "workspaces": [
        "packages/*"
      ]
    },
    "node_modules/@dep-blame/ui": {
      "resolved": "packages/ui",
      "link": true
    },
    "node_modules/dep-blame": {
      "resolved": "packages/core",
      "link": true
    },
    "node_modules/yaml": {
      "version": "2.9.1",
      "resolved": "https://registry.npmjs.org/yaml/-/yaml-2.9.1.tgz",
      "integrity": "sha512-3NxN8+78OdzbT7C/WjGsyfPAtJaN3FNDsWxv7Y7mcDsT/oOmgW8BpyQQFFBnvZE3j9Y2Sdz1ULFLezL7Eb2yFw==",
      "license": "ISC",
      "optional": true,
      "bin": {
        "yaml": "bin.mjs"
      },
      "engines": {
        "node": ">= 14.6"
      },
      "funding": {
        "url": "https://github.com/sponsors/eemeli"
      }
    },
    "packages/core": {
      "name": "dep-blame",
      "version": "0.1.0",
      "bin": {
        "dep-blame": "bin/cli.js"
      },
      "engines": {
        "node": ">=20"
      },
      "optionalDependencies": {
        "yaml": "^2.x"
      }
    },
    "packages/ui": {
      "name": "@dep-blame/ui",
      "version": "0.1.0",
      "dependencies": {
        "dep-blame": "^0.1.0"
      },
      "bin": {
        "dep-blame-ui": "bin/cli.js"
      },
      "engines": {
        "node": ">=20"
      }
    }
  }
}
